// !$*UTF8*$!
{
	archiveVersion = 1;
	classes = {
	};
	objectVersion = 46;
	objects = {

/* Begin PBXBuildFile section */
		868F790B1EC10FD8007D2F2B /* AppDelegate.swift in Sources */ = {isa = PBXBuildFile; fileRef = 868F790A1EC10FD8007D2F2B /* AppDelegate.swift */; };
		868F790D1EC10FD8007D2F2B /* ViewController.swift in Sources */ = {isa = PBXBuildFile; fileRef = 868F790C1EC10FD8007D2F2B /* ViewController.swift */; };
		868F79101EC10FD8007D2F2B /* Main.storyboard in Resources */ = {isa = PBXBuildFile; fileRef = 868F790E1EC10FD8007D2F2B /* Main.storyboard */; };
		868F79121EC10FD8007D2F2B /* Assets.xcassets in Resources */ = {isa = PBXBuildFile; fileRef = 868F79111EC10FD8007D2F2B /* Assets.xcassets */; };
		868F79151EC10FD8007D2F2B /* LaunchScreen.storyboard in Resources */ = {isa = PBXBuildFile; fileRef = 868F79131EC10FD8007D2F2B /* LaunchScreen.storyboard */; };
/* End PBXBuildFile section */

/* Begin PBXFileReference section */
		868F79071EC10FD8007D2F2B /* Parse_JSON.app */ = {isa = PBXFileReference; explicitFileType = wrapper.application; includeInIndex = 0; path = Parse_JSON.app; sourceTree = BUILT_PRODUCTS_DIR; };
		868F790A1EC10FD8007D2F2B /* AppDelegate.swift */ = {isa = PBXFileReference; lastKnownFileType = sourcecode.swift; path = AppDelegate.swift; sourceTree = "<group>"; };
		868F790C1EC10FD8007D2F2B /* ViewController.swift */ = {isa = PBXFileReference; lastKnownFileType = sourcecode.swift; path = ViewController.swift; sourceTree = "<group>"; };
		868F790F1EC10FD8007D2F2B /* Base */ = {isa = PBXFileReference; lastKnownFileType = file.storyboard; name = Base; path = Base.lproj/Main.storyboard; sourceTree = "<group>"; };
		868F79111EC10FD8007D2F2B /* Assets.xcassets */ = {isa = PBXFileReference; lastKnownFileType = folder.assetcatalog; path = Assets.xcassets; sourceTree = "<group>"; };
		868F79141EC10FD8007D2F2B /* Base */ = {isa = PBXFileReference; lastKnownFileType = file.storyboard; name = Base; path = Base.lproj/LaunchScreen.storyboard; sourceTree = "<group>"; };
		868F79161EC10FD8007D2F2B /* Info.plist */ = {isa = PBXFileReference; lastKnownFileType = text.plist.xml; path = Info.plist; sourceTree = "<group>"; };
/* End PBXFileReference section */

/* Begin PBXFrameworksBuildPhase section */
		868F79041EC10FD8007D2F2B /* Frameworks */ = {
			isa = PBXFrameworksBuildPhase;
			buildActionMask = 2147483647;
			files = (
			);
			runOnlyForDeploymentPostprocessing = 0;
		};
/* End PBXFrameworksBuildPhase section */

/* Begin PBXGroup section */
		868F78FE1EC10FD8007D2F2B = {
			isa = PBXGroup;
			children = (
				868F79091EC10FD8007D2F2B /* Parse_JSON */,
				868F79081EC10FD8007D2F2B /* Products */,
			);
			sourceTree = "<group>";
		};
		868F79081EC10FD8007D2F2B /* Products */ = {
			isa = PBXGroup;
			children = (
				868F79071EC10FD8007D2F2B /* Parse_JSON.app */,
			);
			name = Products;
			sourceTree = "<group>";
		};
		868F79091EC10FD8007D2F2B /* Parse_JSON */ = {
			isa = PBXGroup;
			children = (
				868F790A1EC10FD8007D2F2B /* AppDelegate.swift */,
				868F790C1EC10FD8007D2F2B /* ViewController.swift */,
				868F790E1EC10FD8007D2F2B /* Main.storyboard */,
				868F79111EC10FD8007D2F2B /* Assets.xcassets */,
				868F79131EC10FD8007D2F2B /* LaunchScreen.storyboard */,
				868F79161EC10FD8007D2F2B /* Info.plist */,
			);
			path = Parse_JSON;
			sourceTree = "<group>";
		};
/* End PBXGroup section */

/* Begin PBXNativeTarget section */
		868F79061EC10FD8007D2F2B /* Parse_JSON */ = {
			isa = PBXNativeTarget;
			buildConfigurationList = 868F79191EC10FD8007D2F2B /* Build configuration list for PBXNativeTarget "Parse_JSON" */;
			buildPhases = (
				868F79031EC10FD8007D2F2B /* Sources */,
				868F79041EC10FD8007D2F2B /* Frameworks */,
				868F79051EC10FD8007D2F2B /* Resources */,
			);
			buildRules = (
			);
			dependencies = (
			);
			name = Parse_JSON;
			productName = Parse_JSON;
			productReference = 868F79071EC10FD8007D2F2B /* Parse_JSON.app */;
			productType = "com.apple.product-type.application";
		};
/* End PBXNativeTarget section */

/* Begin PBXProject section */
		868F78FF1EC10FD8007D2F2B /* Project object */ = {
			isa = PBXProject;
			attributes = {
				LastSwiftUpdateCheck = 0830;
				LastUpgradeCheck = 0830;
				ORGANIZATIONNAME = a.yahello;
				TargetAttributes = {
					868F79061EC10FD8007D2F2B = {
						CreatedOnToolsVersion = 8.3.1;
						ProvisioningStyle = Automatic;
					};
				};
			};
			buildConfigurationList = 868F79021EC10FD8007D2F2B /* Build configuration list for PBXProject "Parse_JSON" */;
			compatibilityVersion = "Xcode 3.2";
			developmentRegion = English;
			hasScannedForEncodings = 0;
			knownRegions = (
				en,
				Base,
			);
			mainGroup = 868F78FE1EC10FD8007D2F2B;
			productRefGroup = 868F79081EC10FD8007D2F2B /* Products */;
			projectDirPath = "";
			projectRoot = "";
			targets = (
				868F79061EC10FD8007D2F2B /* Parse_JSON */,
			);
		};
/* End PBXProject section */

/* Begin PBXResourcesBuildPhase section */
		868F79051EC10FD8007D2F2B /* Resources */ = {
			isa = PBXResourcesBuildPhase;
			buildActionMask = 2147483647;
			files = (
				868F79151EC10FD8007D2F2B /* LaunchScreen.storyboard in Resources */,
				868F79121EC10FD8007D2F2B /* Assets.xcassets in Resources */,
				868F79101EC10FD8007D2F2B /* Main.storyboard in Resources */,
			);
			runOnlyForDeploymentPostprocessing = 0;
		};
/* End PBXResourcesBuildPhase section */

/* Begin PBXSourcesBuildPhase section */
		868F79031EC10FD8007D2F2B /* Sources */ = {
			isa = PBXSourcesBuildPhase;
			buildActionMask = 2147483647;
			files = (
				868F790D1EC10FD8007D2F2B /* ViewController.swift in Sources */,
				868F790B1EC10FD8007D2F2B /* AppDelegate.swift in Sources */,
			);
			runOnlyForDeploymentPostprocessing = 0;
		};
/* End PBXSourcesBuildPhase section */

/* Begin PBXVariantGroup section */
		868F790E1EC10FD8007D2F2B /* Main.storyboard */ = {
			isa = PBXVariantGroup;
			children = (
				868F790F1EC10FD8007D2F2B /* Base */,
			);
			name = Main.storyboard;
			sourceTree = "<group>";
		};
		868F79131EC10FD8007D2F2B /* LaunchScreen.storyboard */ = {
			isa = PBXVariantGroup;
			children = (
				868F79141EC10FD8007D2F2B /* Base */,
			);
			name = LaunchScreen.storyboard;
			sourceTree = "<group>";
		};
/* End PBXVariantGroup section */

/* Begin XCBuildConfiguration section */
		868F79171EC10FD8007D2F2B /* Debug */ = {
			isa = XCBuildConfiguration;
			buildSettings = {
				ALWAYS_SEARCH_USER_PATHS = NO;
				CLANG_ANALYZER_NONNULL = YES;
				CLANG_ANALYZER_NUMBER_OBJECT_CONVERSION = YES_AGGRESSIVE;
				CLANG_CXX_LANGUAGE_STANDARD = "gnu++0x";
				CLANG_CXX_LIBRARY = "libc++";
				CLANG_ENABLE_MODULES = YES;
				CLANG_ENABLE_OBJC_ARC = YES;
				CLANG_WARN_BOOL_CONVERSION = YES;
				CLANG_WARN_CONSTANT_CONVERSION = YES;
				CLANG_WARN_DIRECT_OBJC_ISA_USAGE = YES_ERROR;
				CLANG_WARN_DOCUMENTATION_COMMENTS = YES;
				CLANG_WARN_EMPTY_BODY = YES;
				CLANG_WARN_ENUM_CONVERSION = YES;
				CLANG_WARN_INFINITE_RECURSION = YES;
				CLANG_WARN_INT_CONVERSION = YES;
				CLANG_WARN_OBJC_ROOT_CLASS = YES_ERROR;
				CLANG_WARN_SUSPICIOUS_MOVE = YES;
				CLANG_WARN_UNREACHABLE_CODE = YES;
				CLANG_WARN__DUPLICATE_METHOD_MATCH = YES;
				"CODE_SIGN_IDENTITY[sdk=iphoneos*]" = "iPhone Developer";
				COPY_PHASE_STRIP = NO;
				DEBUG_INFORMATION_FORMAT = dwarf;
				ENABLE_STRICT_OBJC_MSGSEND = YES;
				ENABLE_TESTABILITY = YES;
				GCC_C_LANGUAGE_STANDARD = gnu99;
				GCC_DYNAMIC_NO_PIC = NO;
				GCC_NO_COMMON_BLOCKS = YES;
				GCC_OPTIMIZATION_LEVEL = 0;
				GCC_PREPROCESSOR_DEFINITIONS = (
					"DEBUG=1",
					"$(inherited)",
				);
				GCC_WARN_64_TO_32_BIT_CONVERSION = YES;
				GCC_WARN_ABOUT_RETURN_TYPE = YES_ERROR;
				GCC_WARN_UNDECLARED_SELECTOR = YES;
				GCC_WARN_UNINITIALIZED_AUTOS = YES_AGGRESSIVE;
				GCC_WARN_UNUSED_FUNCTION = YES;
				GCC_WARN_UNUSED_VARIABLE = YES;
				IPHONEOS_DEPLOYMENT_TARGET = 10.3;
				MTL_ENABLE_DEBUG_INFO = YES;
				ONLY_ACTIVE_ARCH = YES;
				SDKROOT = iphoneos;
				SWIFT_ACTIVE_COMPILATION_CONDITIONS = DEBUG;
				SWIFT_OPTIMIZATION_LEVEL = "-Onone";
			};
			name = Debug;
		};
		868F79181EC10FD8007D2F2B /* Release */ = {
			isa = XCBuildConfiguration;
			buildSettings = {
				ALWAYS_SEARCH_USER_PATHS = NO;
				CLANG_ANALYZER_NONNULL = YES;
				CLANG_ANALYZER_NUMBER_OBJECT_CONVERSION = YES_AGGRESSIVE;
				CLANG_CXX_LANGUAGE_STANDARD = "gnu++0x";
				CLANG_CXX_LIBRARY = "libc++";
				CLANG_ENABLE_MODULES = YES;
				CLANG_ENABLE_OBJC_ARC = YES;
				CLANG_WARN_BOOL_CONVERSION = YES;
				CLANG_WARN_CONSTANT_CONVERSION = YES;
				CLANG_WARN_DIRECT_OBJC_ISA_USAGE = YES_ERROR;
				CLANG_WARN_DOCUMENTATION_COMMENTS = YES;
				CLANG_WARN_EMPTY_BODY = YES;
				CLANG_WARN_ENUM_CONVERSION = YES;
				CLANG_WARN_INFINITE_RECURSION = YES;
				CLANG_WARN_INT_CONVERSION = YES;
				CLANG_WARN_OBJC_ROOT_CLASS = YES_ERROR;
				CLANG_WARN_SUSPICIOUS_MOVE = YES;
				CLANG_WARN_UNREACHABLE_CODE = YES;
				CLANG_WARN__DUPLICATE_METHOD_MATCH = YES;
				"CODE_SIGN_IDENTITY[sdk=iphoneos*]" = "iPhone Developer";
				COPY_PHASE_STRIP = NO;
				DEBUG_INFORMATION_FORMAT = "dwarf-with-dsym";
				ENABLE_NS_ASSERTIONS = NO;
				ENABLE_STRICT_OBJC_MSGSEND = YES;
				GCC_C_LANGUAGE_STANDARD = gnu99;
				GCC_NO_COMMON_BLOCKS = YES;
				GCC_WARN_64_TO_32_BIT_CONVERSION = YES;
				GCC_WARN_ABOUT_RETURN_TYPE = YES_ERROR;
				GCC_WARN_UNDECLARED_SELECTOR = YES;
				GCC_WARN_UNINITIALIZED_AUTOS = YES_AGGRESSIVE;
				GCC_WARN_UNUSED_FUNCTION = YES;
				GCC_WARN_UNUSED_VARIABLE = YES;
				IPHONEOS_DEPLOYMENT_TARGET = 10.3;
				MTL_ENABLE_DEBUG_INFO = NO;
				SDKROOT = iphoneos;
				SWIFT_OPTIMIZATION_LEVEL = "-Owholemodule";
				VALIDATE_PRODUCT = YES;
			};
			name = Release;
		};
		868F791A1EC10FD8007D2F2B /* Debug */ = {
			isa = XCBuildConfiguration;
			buildSettings = {
				ASSETCATALOG_COMPILER_APPICON_NAME = AppIcon;
				INFOPLIST_FILE = Parse_JSON/Info.plist;
				LD_RUNPATH_SEARCH_PATHS = "$(inherited) @executable_path/Frameworks";
				PRODUCT_BUNDLE_IDENTIFIER = "lofongi.Parse-JSON";
				PRODUCT_NAME = "$(TARGET_NAME)";
				SWIFT_VERSION = 3.0;
			};
			name = Debug;
		};
		868F791B1EC10FD8007D2F2B /* Release */ = {
			isa = XCBuildConfiguration;
			buildSettings = {
				ASSETCATALOG_COMPILER_APPICON_NAME = AppIcon;
				INFOPLIST_FILE = Parse_JSON/Info.plist;
				LD_RUNPATH_SEARCH_PATHS = "$(inherited) @executable_path/Frameworks";
				PRODUCT_BUNDLE_IDENTIFIER = "lofongi.Parse-JSON";
				PRODUCT_NAME = "$(TARGET_NAME)";
				SWIFT_VERSION = 3.0;
			};
			name = Release;
		};
/* End XCBuildConfiguration section */

/* Begin XCConfigurationList section */
		868F79021EC10FD8007D2F2B /* Build configuration list for PBXProject "Parse_JSON" */ = {
			isa = XCConfigurationList;
			buildConfigurations = (
				868F79171EC10FD8007D2F2B /* Debug */,
				868F79181EC10FD8007D2F2B /* Release */,
			);
			defaultConfigurationIsVisible = 0;
			defaultConfigurationName = Release;
		};
		868F79191EC10FD8007D2F2B /* Build configuration list for PBXNativeTarget "Parse_JSON" */ = {
			isa = XCConfigurationList;
			buildConfigurations = (
				868F791A1EC10FD8007D2F2B /* Debug */,
				868F791B1EC10FD8007D2F2B /* Release */,
			);
			defaultConfigurationIsVisible = 0;
		};
/* End XCConfigurationList section */
	};
	rootObject = 868F78FF1EC10FD8007D2F2B /* Project object */;
}
